// !$*UTF8*$!
{
	archiveVersion = 1;
	classes = {
	};
	objectVersion = 52;
	objects = {

/* Begin PBXBuildFile section */
		C437DEDF2302850F005FF528 /* ButtonText.swift in Sources */ = {isa = PBXBuildFile; fileRef = C437DEDE2302850F005FF528 /* ButtonText.swift */; };
		C437DEE32303D042005FF528 /* Settings.swift in Sources */ = {isa = PBXBuildFile; fileRef = C437DEE22303D042005FF528 /* Settings.swift */; };
		C437DEE72303DC7D005FF528 /* UserSettings.swift in Sources */ = {isa = PBXBuildFile; fileRef = C437DEE62303DC7D005FF528 /* UserSettings.swift */; };
		C45B04EC23A7B32300789D06 /* BoardCheck.swift in Sources */ = {isa = PBXBuildFile; fileRef = C45B04EB23A7B32300789D06 /* BoardCheck.swift */; };
		C45F57FE22FEF71C008762F1 /* AppDelegate.swift in Sources */ = {isa = PBXBuildFile; fileRef = C45F57FD22FEF71C008762F1 /* AppDelegate.swift */; };
		C45F580022FEF71C008762F1 /* SceneDelegate.swift in Sources */ = {isa = PBXBuildFile; fileRef = C45F57FF22FEF71C008762F1 /* SceneDelegate.swift */; };
		C45F580222FEF71C008762F1 /* ContentView.swift in Sources */ = {isa = PBXBuildFile; fileRef = C45F580122FEF71C008762F1 /* ContentView.swift */; };
		C45F580422FEF720008762F1 /* Assets.xcassets in Resources */ = {isa = PBXBuildFile; fileRef = C45F580322FEF720008762F1 /* Assets.xcassets */; };
		C45F580722FEF720008762F1 /* Preview Assets.xcassets in Resources */ = {isa = PBXBuildFile; fileRef = C45F580622FEF720008762F1 /* Preview Assets.xcassets */; };
		C45F580A22FEF720008762F1 /* LaunchScreen.storyboard in Resources */ = {isa = PBXBuildFile; fileRef = C45F580822FEF720008762F1 /* LaunchScreen.storyboard */; };
		C45F581522FEF721008762F1 /* Sudoku16Tests.swift in Sources */ = {isa = PBXBuildFile; fileRef = C45F581422FEF721008762F1 /* Sudoku16Tests.swift */; };
		C45F582122FEF9C3008762F1 /* Cell.swift in Sources */ = {isa = PBXBuildFile; fileRef = C45F582022FEF9C3008762F1 /* Cell.swift */; };
		C45F582322FEFAD6008762F1 /* Set16.swift in Sources */ = {isa = PBXBuildFile; fileRef = C45F582222FEFAD6008762F1 /* Set16.swift */; };
		C45F582522FEFBFA008762F1 /* Board.swift in Sources */ = {isa = PBXBuildFile; fileRef = C45F582422FEFBFA008762F1 /* Board.swift */; };
		C45F582822FF0F7F008762F1 /* CellView.swift in Sources */ = {isa = PBXBuildFile; fileRef = C45F582722FF0F7F008762F1 /* CellView.swift */; };
		C45F582A22FF46FA008762F1 /* CellSquare.swift in Sources */ = {isa = PBXBuildFile; fileRef = C45F582922FF46F9008762F1 /* CellSquare.swift */; };
		C45F582D22FF4BE2008762F1 /* Shapes.swift in Sources */ = {isa = PBXBuildFile; fileRef = C45F582C22FF4BE2008762F1 /* Shapes.swift */; };
		C45F582F22FF4E9E008762F1 /* BoardSquares.swift in Sources */ = {isa = PBXBuildFile; fileRef = C45F582E22FF4E9E008762F1 /* BoardSquares.swift */; };
		C46637E9230D0F39009AF330 /* DetailNavigation.swift in Sources */ = {isa = PBXBuildFile; fileRef = C437DEE023029FEA005FF528 /* DetailNavigation.swift */; };
		C46637EB230D10B5009AF330 /* MiniBoard.swift in Sources */ = {isa = PBXBuildFile; fileRef = C46637EA230D10B5009AF330 /* MiniBoard.swift */; };
		C46637ED230D1402009AF330 /* Identified.swift in Sources */ = {isa = PBXBuildFile; fileRef = C46637EC230D1402009AF330 /* Identified.swift */; };
		C48CE0E0230482E800C10299 /* CellDetailButtons.swift in Sources */ = {isa = PBXBuildFile; fileRef = C48CE0DF230482E800C10299 /* CellDetailButtons.swift */; };
		C48CE0E223051B0800C10299 /* BoardInterface.swift in Sources */ = {isa = PBXBuildFile; fileRef = C48CE0E123051B0800C10299 /* BoardInterface.swift */; };
		C495684B23003A16007C707B /* Publishing.swift in Sources */ = {isa = PBXBuildFile; fileRef = C495684A23003A16007C707B /* Publishing.swift */; };
		C495684D23003A5B007C707B /* ShowSheet.swift in Sources */ = {isa = PBXBuildFile; fileRef = C495684C23003A5B007C707B /* ShowSheet.swift */; };
		C495684F23004DCE007C707B /* CellDetail.swift in Sources */ = {isa = PBXBuildFile; fileRef = C495684E23004DCE007C707B /* CellDetail.swift */; };
		C495685123004F3C007C707B /* Sheets.swift in Sources */ = {isa = PBXBuildFile; fileRef = C495685023004F3C007C707B /* Sheets.swift */; };
		C495685323005084007C707B /* Observable.swift in Sources */ = {isa = PBXBuildFile; fileRef = C495685223005084007C707B /* Observable.swift */; };
		C495685523012F9D007C707B /* RandomizeSolution.swift in Sources */ = {isa = PBXBuildFile; fileRef = C495685423012F9D007C707B /* RandomizeSolution.swift */; };
		C49E73B32305C75D003E8AD1 /* Message.swift in Sources */ = {isa = PBXBuildFile; fileRef = C49E73B22305C75D003E8AD1 /* Message.swift */; };
		C4F0420E234F1C6600652E8D /* UserDefaults in Frameworks */ = {isa = PBXBuildFile; productRef = C4F0420D234F1C6600652E8D /* UserDefaults */; };
/* End PBXBuildFile section */

/* Begin PBXContainerItemProxy section */
		C45F581122FEF721008762F1 /* PBXContainerItemProxy */ = {
			isa = PBXContainerItemProxy;
			containerPortal = C45F57F222FEF71C008762F1 /* Project object */;
			proxyType = 1;
			remoteGlobalIDString = C45F57F922FEF71C008762F1;
			remoteInfo = Sudoku16;
		};
/* End PBXContainerItemProxy section */

/* Begin PBXFileReference section */
		C437DEDE2302850F005FF528 /* ButtonText.swift */ = {isa = PBXFileReference; lastKnownFileType = sourcecode.swift; path = ButtonText.swift; sourceTree = "<group>"; };
		C437DEE023029FEA005FF528 /* DetailNavigation.swift */ = {isa = PBXFileReference; lastKnownFileType = sourcecode.swift; path = DetailNavigation.swift; sourceTree = "<group>"; };
		C437DEE22303D042005FF528 /* Settings.swift */ = {isa = PBXFileReference; lastKnownFileType = sourcecode.swift; path = Settings.swift; sourceTree = "<group>"; };
		C437DEE62303DC7D005FF528 /* UserSettings.swift */ = {isa = PBXFileReference; lastKnownFileType = sourcecode.swift; path = UserSettings.swift; sourceTree = "<group>"; };
		C451FD4A230727A900CBFD39 /* Sudoku16.xctestplan */ = {isa = PBXFileReference; lastKnownFileType = text; path = Sudoku16.xctestplan; sourceTree = "<group>"; };
		C45B04EB23A7B32300789D06 /* BoardCheck.swift */ = {isa = PBXFileReference; lastKnownFileType = sourcecode.swift; path = BoardCheck.swift; sourceTree = "<group>"; };
		C45F57FA22FEF71C008762F1 /* Sudoku16.app */ = {isa = PBXFileReference; explicitFileType = wrapper.application; includeInIndex = 0; path = Sudoku16.app; sourceTree = BUILT_PRODUCTS_DIR; };
		C45F57FD22FEF71C008762F1 /* AppDelegate.swift */ = {isa = PBXFileReference; lastKnownFileType = sourcecode.swift; path = AppDelegate.swift; sourceTree = "<group>"; };
		C45F57FF22FEF71C008762F1 /* SceneDelegate.swift */ = {isa = PBXFileReference; lastKnownFileType = sourcecode.swift; path = SceneDelegate.swift; sourceTree = "<group>"; };
		C45F580122FEF71C008762F1 /* ContentView.swift */ = {isa = PBXFileReference; lastKnownFileType = sourcecode.swift; path = ContentView.swift; sourceTree = "<group>"; };
		C45F580322FEF720008762F1 /* Assets.xcassets */ = {isa = PBXFileReference; lastKnownFileType = folder.assetcatalog; path = Assets.xcassets; sourceTree = "<group>"; };
		C45F580622FEF720008762F1 /* Preview Assets.xcassets */ = {isa = PBXFileReference; lastKnownFileType = folder.assetcatalog; path = "Preview Assets.xcassets"; sourceTree = "<group>"; };
		C45F580922FEF720008762F1 /* Base */ = {isa = PBXFileReference; lastKnownFileType = file.storyboard; name = Base; path = Base.lproj/LaunchScreen.storyboard; sourceTree = "<group>"; };
		C45F580B22FEF720008762F1 /* Info.plist */ = {isa = PBXFileReference; lastKnownFileType = text.plist.xml; path = Info.plist; sourceTree = "<group>"; };
		C45F581022FEF721008762F1 /* Sudoku16Tests.xctest */ = {isa = PBXFileReference; explicitFileType = wrapper.cfbundle; includeInIndex = 0; path = Sudoku16Tests.xctest; sourceTree = BUILT_PRODUCTS_DIR; };
		C45F581422FEF721008762F1 /* Sudoku16Tests.swift */ = {isa = PBXFileReference; lastKnownFileType = sourcecode.swift; path = Sudoku16Tests.swift; sourceTree = "<group>"; };
		C45F581622FEF721008762F1 /* Info.plist */ = {isa = PBXFileReference; lastKnownFileType = text.plist.xml; path = Info.plist; sourceTree = "<group>"; };
		C45F582022FEF9C3008762F1 /* Cell.swift */ = {isa = PBXFileReference; lastKnownFileType = sourcecode.swift; path = Cell.swift; sourceTree = "<group>"; };
		C45F582222FEFAD6008762F1 /* Set16.swift */ = {isa = PBXFileReference; lastKnownFileType = sourcecode.swift; path = Set16.swift; sourceTree = "<group>"; };
		C45F582422FEFBFA008762F1 /* Board.swift */ = {isa = PBXFileReference; lastKnownFileType = sourcecode.swift; path = Board.swift; sourceTree = "<group>"; };
		C45F582722FF0F7F008762F1 /* CellView.swift */ = {isa = PBXFileReference; lastKnownFileType = sourcecode.swift; path = CellView.swift; sourceTree = "<group>"; };
		C45F582922FF46F9008762F1 /* CellSquare.swift */ = {isa = PBXFileReference; lastKnownFileType = sourcecode.swift; path = CellSquare.swift; sourceTree = "<group>"; };
		C45F582C22FF4BE2008762F1 /* Shapes.swift */ = {isa = PBXFileReference; lastKnownFileType = sourcecode.swift; path = Shapes.swift; sourceTree = "<group>"; };
		C45F582E22FF4E9E008762F1 /* BoardSquares.swift */ = {isa = PBXFileReference; lastKnownFileType = sourcecode.swift; path = BoardSquares.swift; sourceTree = "<group>"; };
		C46637EA230D10B5009AF330 /* MiniBoard.swift */ = {isa = PBXFileReference; lastKnownFileType = sourcecode.swift; path = MiniBoard.swift; sourceTree = "<group>"; };
		C46637EC230D1402009AF330 /* Identified.swift */ = {isa = PBXFileReference; lastKnownFileType = sourcecode.swift; path = Identified.swift; sourceTree = "<group>"; };
		C48CE0DF230482E800C10299 /* CellDetailButtons.swift */ = {isa = PBXFileReference; lastKnownFileType = sourcecode.swift; path = CellDetailButtons.swift; sourceTree = "<group>"; };
		C48CE0E123051B0800C10299 /* BoardInterface.swift */ = {isa = PBXFileReference; lastKnownFileType = sourcecode.swift; path = BoardInterface.swift; sourceTree = "<group>"; };
		C495684A23003A16007C707B /* Publishing.swift */ = {isa = PBXFileReference; lastKnownFileType = sourcecode.swift; path = Publishing.swift; sourceTree = "<group>"; };
		C495684C23003A5B007C707B /* ShowSheet.swift */ = {isa = PBXFileReference; lastKnownFileType = sourcecode.swift; path = ShowSheet.swift; sourceTree = "<group>"; };
		C495684E23004DCE007C707B /* CellDetail.swift */ = {isa = PBXFileReference; lastKnownFileType = sourcecode.swift; path = CellDetail.swift; sourceTree = "<group>"; };
		C495685023004F3C007C707B /* Sheets.swift */ = {isa = PBXFileReference; lastKnownFileType = sourcecode.swift; path = Sheets.swift; sourceTree = "<group>"; };
		C495685223005084007C707B /* Observable.swift */ = {isa = PBXFileReference; lastKnownFileType = sourcecode.swift; path = Observable.swift; sourceTree = "<group>"; };
		C495685423012F9D007C707B /* RandomizeSolution.swift */ = {isa = PBXFileReference; lastKnownFileType = sourcecode.swift; path = RandomizeSolution.swift; sourceTree = "<group>"; };
		C495685623019541007C707B /* Sudoku16.entitlements */ = {isa = PBXFileReference; lastKnownFileType = text.plist.entitlements; path = Sudoku16.entitlements; sourceTree = "<group>"; };
		C49E73B22305C75D003E8AD1 /* Message.swift */ = {isa = PBXFileReference; lastKnownFileType = sourcecode.swift; path = Message.swift; sourceTree = "<group>"; };
/* End PBXFileReference section */

/* Begin PBXFrameworksBuildPhase section */
		C45F57F722FEF71C008762F1 /* Frameworks */ = {
			isa = PBXFrameworksBuildPhase;
			buildActionMask = 2147483647;
			files = (
				C4F0420E234F1C6600652E8D /* UserDefaults in Frameworks */,
			);
			runOnlyForDeploymentPostprocessing = 0;
		};
		C45F580D22FEF721008762F1 /* Frameworks */ = {
			isa = PBXFrameworksBuildPhase;
			buildActionMask = 2147483647;
			files = (
			);
			runOnlyForDeploymentPostprocessing = 0;
		};
/* End PBXFrameworksBuildPhase section */

/* Begin PBXGroup section */
		C45F57F122FEF71C008762F1 = {
			isa = PBXGroup;
			children = (
				C451FD4A230727A900CBFD39 /* Sudoku16.xctestplan */,
				C45F57FC22FEF71C008762F1 /* Sudoku16 */,
				C45F581322FEF721008762F1 /* Sudoku16Tests */,
				C45F57FB22FEF71C008762F1 /* Products */,
			);
			sourceTree = "<group>";
		};
		C45F57FB22FEF71C008762F1 /* Products */ = {
			isa = PBXGroup;
			children = (
				C45F57FA22FEF71C008762F1 /* Sudoku16.app */,
				C45F581022FEF721008762F1 /* Sudoku16Tests.xctest */,
			);
			name = Products;
			sourceTree = "<group>";
		};
		C45F57FC22FEF71C008762F1 /* Sudoku16 */ = {
			isa = PBXGroup;
			children = (
				C495685623019541007C707B /* Sudoku16.entitlements */,
				C45F57FD22FEF71C008762F1 /* AppDelegate.swift */,
				C45F580322FEF720008762F1 /* Assets.xcassets */,
				C45F580122FEF71C008762F1 /* ContentView.swift */,
				C45F580B22FEF720008762F1 /* Info.plist */,
				C45F580822FEF720008762F1 /* LaunchScreen.storyboard */,
				C45F581F22FEF97B008762F1 /* Models */,
				C45F580522FEF720008762F1 /* Preview Content */,
				C45F57FF22FEF71C008762F1 /* SceneDelegate.swift */,
				C45F582B22FF4BCC008762F1 /* Utils */,
				C45F582622FF0F54008762F1 /* Views */,
			);
			path = Sudoku16;
			sourceTree = "<group>";
		};
		C45F580522FEF720008762F1 /* Preview Content */ = {
			isa = PBXGroup;
			children = (
				C45F580622FEF720008762F1 /* Preview Assets.xcassets */,
			);
			path = "Preview Content";
			sourceTree = "<group>";
		};
		C45F581322FEF721008762F1 /* Sudoku16Tests */ = {
			isa = PBXGroup;
			children = (
				C45F581422FEF721008762F1 /* Sudoku16Tests.swift */,
				C45F581622FEF721008762F1 /* Info.plist */,
			);
			path = Sudoku16Tests;
			sourceTree = "<group>";
		};
		C45F581F22FEF97B008762F1 /* Models */ = {
			isa = PBXGroup;
			children = (
				C45F582422FEFBFA008762F1 /* Board.swift */,
				C45B04EB23A7B32300789D06 /* BoardCheck.swift */,
				C48CE0E123051B0800C10299 /* BoardInterface.swift */,
				C45F582022FEF9C3008762F1 /* Cell.swift */,
				C46637EC230D1402009AF330 /* Identified.swift */,
				C49E73B22305C75D003E8AD1 /* Message.swift */,
				C495685223005084007C707B /* Observable.swift */,
				C495684A23003A16007C707B /* Publishing.swift */,
				C495685423012F9D007C707B /* RandomizeSolution.swift */,
				C45F582222FEFAD6008762F1 /* Set16.swift */,
				C495684C23003A5B007C707B /* ShowSheet.swift */,
				C437DEE62303DC7D005FF528 /* UserSettings.swift */,
			);
			path = Models;
			sourceTree = "<group>";
		};
		C45F582622FF0F54008762F1 /* Views */ = {
			isa = PBXGroup;
			children = (
				C45F582E22FF4E9E008762F1 /* BoardSquares.swift */,
				C437DEDE2302850F005FF528 /* ButtonText.swift */,
				C495684E23004DCE007C707B /* CellDetail.swift */,
				C48CE0DF230482E800C10299 /* CellDetailButtons.swift */,
				C45F582922FF46F9008762F1 /* CellSquare.swift */,
				C45F582722FF0F7F008762F1 /* CellView.swift */,
				C437DEE023029FEA005FF528 /* DetailNavigation.swift */,
				C46637EA230D10B5009AF330 /* MiniBoard.swift */,
				C437DEE22303D042005FF528 /* Settings.swift */,
				C495685023004F3C007C707B /* Sheets.swift */,
			);
			path = Views;
			sourceTree = "<group>";
		};
		C45F582B22FF4BCC008762F1 /* Utils */ = {
			isa = PBXGroup;
			children = (
				C45F582C22FF4BE2008762F1 /* Shapes.swift */,
			);
			path = Utils;
			sourceTree = "<group>";
		};
/* End PBXGroup section */

/* Begin PBXNativeTarget section */
		C45F57F922FEF71C008762F1 /* Sudoku16 */ = {
			isa = PBXNativeTarget;
			buildConfigurationList = C45F581922FEF721008762F1 /* Build configuration list for PBXNativeTarget "Sudoku16" */;
			buildPhases = (
				C45F57F622FEF71C008762F1 /* Sources */,
				C45F57F722FEF71C008762F1 /* Frameworks */,
				C45F57F822FEF71C008762F1 /* Resources */,
				C451FDB5230A927E00CBFD39 /* ShellScript */,
				C4333C1B2312790E00E3A504 /* ShellScript */,
			);
			buildRules = (
			);
			dependencies = (
			);
			name = Sudoku16;
			packageProductDependencies = (
				C4F0420D234F1C6600652E8D /* UserDefaults */,
			);
			productName = Sudoku16;
			productReference = C45F57FA22FEF71C008762F1 /* Sudoku16.app */;
			productType = "com.apple.product-type.application";
		};
		C45F580F22FEF721008762F1 /* Sudoku16Tests */ = {
			isa = PBXNativeTarget;
			buildConfigurationList = C45F581C22FEF721008762F1 /* Build configuration list for PBXNativeTarget "Sudoku16Tests" */;
			buildPhases = (
				C45F580C22FEF721008762F1 /* Sources */,
				C45F580D22FEF721008762F1 /* Frameworks */,
				C45F580E22FEF721008762F1 /* Resources */,
			);
			buildRules = (
			);
			dependencies = (
				C45F581222FEF721008762F1 /* PBXTargetDependency */,
			);
			name = Sudoku16Tests;
			productName = Sudoku16Tests;
			productReference = C45F581022FEF721008762F1 /* Sudoku16Tests.xctest */;
			productType = "com.apple.product-type.bundle.unit-test";
		};
/* End PBXNativeTarget section */

/* Begin PBXProject section */
		C45F57F222FEF71C008762F1 /* Project object */ = {
			isa = PBXProject;
			attributes = {
				LastSwiftUpdateCheck = 1100;
				LastUpgradeCheck = 1100;
				ORGANIZATIONNAME = mesme;
				TargetAttributes = {
					C45F57F922FEF71C008762F1 = {
						CreatedOnToolsVersion = 11.0;
					};
					C45F580F22FEF721008762F1 = {
						CreatedOnToolsVersion = 11.0;
						TestTargetID = C45F57F922FEF71C008762F1;
					};
				};
			};
			buildConfigurationList = C45F57F522FEF71C008762F1 /* Build configuration list for PBXProject "Sudoku16" */;
			compatibilityVersion = "Xcode 9.3";
			developmentRegion = en;
			hasScannedForEncodings = 0;
			knownRegions = (
				en,
				Base,
			);
			mainGroup = C45F57F122FEF71C008762F1;
			packageReferences = (
				C4F0420C234F1C6600652E8D /* XCRemoteSwiftPackageReference "UserDefaults" */,
			);
			productRefGroup = C45F57FB22FEF71C008762F1 /* Products */;
			projectDirPath = "";
			projectRoot = "";
			targets = (
				C45F57F922FEF71C008762F1 /* Sudoku16 */,
				C45F580F22FEF721008762F1 /* Sudoku16Tests */,
			);
		};
/* End PBXProject section */

/* Begin PBXResourcesBuildPhase section */
		C45F57F822FEF71C008762F1 /* Resources */ = {
			isa = PBXResourcesBuildPhase;
			buildActionMask = 2147483647;
			files = (
				C45F580A22FEF720008762F1 /* LaunchScreen.storyboard in Resources */,
				C45F580722FEF720008762F1 /* Preview Assets.xcassets in Resources */,
				C45F580422FEF720008762F1 /* Assets.xcassets in Resources */,
			);
			runOnlyForDeploymentPostprocessing = 0;
		};
		C45F580E22FEF721008762F1 /* Resources */ = {
			isa = PBXResourcesBuildPhase;
			buildActionMask = 2147483647;
			files = (
			);
			runOnlyForDeploymentPostprocessing = 0;
		};
/* End PBXResourcesBuildPhase section */

/* Begin PBXShellScriptBuildPhase section */
		C4333C1B2312790E00E3A504 /* ShellScript */ = {
			isa = PBXShellScriptBuildPhase;
			buildActionMask = 2147483647;
			files = (
			);
			inputFileListPaths = (
			);
			inputPaths = (
			);
			outputFileListPaths = (
			);
			outputPaths = (
			);
			runOnlyForDeploymentPostprocessing = 0;
			shellPath = /bin/sh;
			shellScript = "# Credits : Jared Sinclair, https://www.jaredsinclair.com\n#            Aashish Tamsya, aashish.tamsya@gmail.com\n#\n# Set the build number to the current git commit count.\n# If we're using the Dev scheme, then we'll suffix the build\n# number with the current branch name, to make collisions\n# far less likely across feature branches.\n# Based on: http://w3facility.info/question/how-do-i-force-xcode-to-rebuild-the-info-plist-file-in-my-project-every-time-i-build-the-project/\n#\n# Updated with dSYM handling from http://yellowfeather.co.uk/blog/auto-incrementing-build-number-in-xcode-revisited/\n#\n\ngit=`sh /etc/profile; which git`\nappBuild=`\"$git\" rev-list HEAD --count`\n/usr/libexec/PlistBuddy -c \"Set :CFBundleVersion $appBuild\" \"${TARGET_BUILD_DIR}/${INFOPLIST_PATH}\"\n/usr/libexec/PlistBuddy -c \"Set :CFBundleVersion $appBuild\" \"${BUILT_PRODUCTS_DIR}/${WRAPPER_NAME}.dSYM/Contents/Info.plist\"\necho \"Incremented the build number ${TARGET_BUILD_DIR}/${INFOPLIST_PATH}\"\n";
		};
		C451FDB5230A927E00CBFD39 /* ShellScript */ = {
			isa = PBXShellScriptBuildPhase;
			buildActionMask = 2147483647;
			files = (
			);
			inputFileListPaths = (
			);
			inputPaths = (
			);
			outputFileListPaths = (
			);
			outputPaths = (
			);
			runOnlyForDeploymentPostprocessing = 0;
			shellPath = /bin/sh;
			shellScript = "if which swiftlint >/dev/null; then\n  swiftlint\nelse\n  echo \"warning: SwiftLint not installed, download from https://github.com/realm/SwiftLint\"\nfi\n";
		};
/* End PBXShellScriptBuildPhase section */

/* Begin PBXSourcesBuildPhase section */
		C45F57F622FEF71C008762F1 /* Sources */ = {
			isa = PBXSourcesBuildPhase;
			buildActionMask = 2147483647;
			files = (
				C495684D23003A5B007C707B /* ShowSheet.swift in Sources */,
				C495685323005084007C707B /* Observable.swift in Sources */,
				C495684B23003A16007C707B /* Publishing.swift in Sources */,
				C45F582A22FF46FA008762F1 /* CellSquare.swift in Sources */,
				C437DEE72303DC7D005FF528 /* UserSettings.swift in Sources */,
				C45F582F22FF4E9E008762F1 /* BoardSquares.swift in Sources */,
				C437DEDF2302850F005FF528 /* ButtonText.swift in Sources */,
				C45F582522FEFBFA008762F1 /* Board.swift in Sources */,
				C48CE0E223051B0800C10299 /* BoardInterface.swift in Sources */,
				C46637EB230D10B5009AF330 /* MiniBoard.swift in Sources */,
				C495685523012F9D007C707B /* RandomizeSolution.swift in Sources */,
				C437DEE32303D042005FF528 /* Settings.swift in Sources */,
				C495685123004F3C007C707B /* Sheets.swift in Sources */,
				C45B04EC23A7B32300789D06 /* BoardCheck.swift in Sources */,
				C495684F23004DCE007C707B /* CellDetail.swift in Sources */,
				C45F582D22FF4BE2008762F1 /* Shapes.swift in Sources */,
				C45F582122FEF9C3008762F1 /* Cell.swift in Sources */,
				C45F582822FF0F7F008762F1 /* CellView.swift in Sources */,
				C48CE0E0230482E800C10299 /* CellDetailButtons.swift in Sources */,
				C45F582322FEFAD6008762F1 /* Set16.swift in Sources */,
				C46637E9230D0F39009AF330 /* DetailNavigation.swift in Sources */,
				C45F57FE22FEF71C008762F1 /* AppDelegate.swift in Sources */,
				C49E73B32305C75D003E8AD1 /* Message.swift in Sources */,
				C46637ED230D1402009AF330 /* Identified.swift in Sources */,
				C45F580022FEF71C008762F1 /* SceneDelegate.swift in Sources */,
				C45F580222FEF71C008762F1 /* ContentView.swift in Sources */,
			);
			runOnlyForDeploymentPostprocessing = 0;
		};
		C45F580C22FEF721008762F1 /* Sources */ = {
			isa = PBXSourcesBuildPhase;
			buildActionMask = 2147483647;
			files = (
				C45F581522FEF721008762F1 /* Sudoku16Tests.swift in Sources */,
			);
			runOnlyForDeploymentPostprocessing = 0;
		};
/* End PBXSourcesBuildPhase section */

/* Begin PBXTargetDependency section */
		C45F581222FEF721008762F1 /* PBXTargetDependency */ = {
			isa = PBXTargetDependency;
			target = C45F57F922FEF71C008762F1 /* Sudoku16 */;
			targetProxy = C45F581122FEF721008762F1 /* PBXContainerItemProxy */;
		};
/* End PBXTargetDependency section */

/* Begin PBXVariantGroup section */
		C45F580822FEF720008762F1 /* LaunchScreen.storyboard */ = {
			isa = PBXVariantGroup;
			children = (
				C45F580922FEF720008762F1 /* Base */,
			);
			name = LaunchScreen.storyboard;
			sourceTree = "<group>";
		};
/* End PBXVariantGroup section */

/* Begin XCBuildConfiguration section */
		C45F581722FEF721008762F1 /* Debug */ = {
			isa = XCBuildConfiguration;
			buildSettings = {
				ALWAYS_SEARCH_USER_PATHS = NO;
				CLANG_ANALYZER_NONNULL = YES;
				CLANG_ANALYZER_NUMBER_OBJECT_CONVERSION = YES_AGGRESSIVE;
				CLANG_CXX_LANGUAGE_STANDARD = "gnu++14";
				CLANG_CXX_LIBRARY = "libc++";
				CLANG_ENABLE_MODULES = YES;
				CLANG_ENABLE_OBJC_ARC = YES;
				CLANG_ENABLE_OBJC_WEAK = YES;
				CLANG_WARN_BLOCK_CAPTURE_AUTORELEASING = YES;
				CLANG_WARN_BOOL_CONVERSION = YES;
				CLANG_WARN_COMMA = YES;
				CLANG_WARN_CONSTANT_CONVERSION = YES;
				CLANG_WARN_DEPRECATED_OBJC_IMPLEMENTATIONS = YES;
				CLANG_WARN_DIRECT_OBJC_ISA_USAGE = YES_ERROR;
				CLANG_WARN_DOCUMENTATION_COMMENTS = YES;
				CLANG_WARN_EMPTY_BODY = YES;
				CLANG_WARN_ENUM_CONVERSION = YES;
				CLANG_WARN_INFINITE_RECURSION = YES;
				CLANG_WARN_INT_CONVERSION = YES;
				CLANG_WARN_NON_LITERAL_NULL_CONVERSION = YES;
				CLANG_WARN_OBJC_IMPLICIT_RETAIN_SELF = YES;
				CLANG_WARN_OBJC_LITERAL_CONVERSION = YES;
				CLANG_WARN_OBJC_ROOT_CLASS = YES_ERROR;
				CLANG_WARN_RANGE_LOOP_ANALYSIS = YES;
				CLANG_WARN_STRICT_PROTOTYPES = YES;
				CLANG_WARN_SUSPICIOUS_MOVE = YES;
				CLANG_WARN_UNGUARDED_AVAILABILITY = YES_AGGRESSIVE;
				CLANG_WARN_UNREACHABLE_CODE = YES;
				CLANG_WARN__DUPLICATE_METHOD_MATCH = YES;
				COPY_PHASE_STRIP = NO;
				DEBUG_INFORMATION_FORMAT = dwarf;
				ENABLE_STRICT_OBJC_MSGSEND = YES;
				ENABLE_TESTABILITY = YES;
				GCC_C_LANGUAGE_STANDARD = gnu11;
				GCC_DYNAMIC_NO_PIC = NO;
				GCC_NO_COMMON_BLOCKS = YES;
				GCC_OPTIMIZATION_LEVEL = 0;
				GCC_PREPROCESSOR_DEFINITIONS = (
					"DEBUG=1",
					"$(inherited)",
				);
				GCC_WARN_64_TO_32_BIT_CONVERSION = YES;
				GCC_WARN_ABOUT_RETURN_TYPE = YES_ERROR;
				GCC_WARN_UNDECLARED_SELECTOR = YES;
				GCC_WARN_UNINITIALIZED_AUTOS = YES_AGGRESSIVE;
				GCC_WARN_UNUSED_FUNCTION = YES;
				GCC_WARN_UNUSED_VARIABLE = YES;
				IPHONEOS_DEPLOYMENT_TARGET = 13.0;
				MTL_ENABLE_DEBUG_INFO = INCLUDE_SOURCE;
				MTL_FAST_MATH = YES;
				ONLY_ACTIVE_ARCH = YES;
				SDKROOT = iphoneos;
				SWIFT_ACTIVE_COMPILATION_CONDITIONS = DEBUG;
				SWIFT_OPTIMIZATION_LEVEL = "-Onone";
			};
			name = Debug;
		};
		C45F581822FEF721008762F1 /* Release */ = {
			isa = XCBuildConfiguration;
			buildSettings = {
				ALWAYS_SEARCH_USER_PATHS = NO;
				CLANG_ANALYZER_NONNULL = YES;
				CLANG_ANALYZER_NUMBER_OBJECT_CONVERSION = YES_AGGRESSIVE;
				CLANG_CXX_LANGUAGE_STANDARD = "gnu++14";
				CLANG_CXX_LIBRARY = "libc++";
				CLANG_ENABLE_MODULES = YES;
				CLANG_ENABLE_OBJC_ARC = YES;
				CLANG_ENABLE_OBJC_WEAK = YES;
				CLANG_WARN_BLOCK_CAPTURE_AUTORELEASING = YES;
				CLANG_WARN_BOOL_CONVERSION = YES;
				CLANG_WARN_COMMA = YES;
				CLANG_WARN_CONSTANT_CONVERSION = YES;
				CLANG_WARN_DEPRECATED_OBJC_IMPLEMENTATIONS = YES;
				CLANG_WARN_DIRECT_OBJC_ISA_USAGE = YES_ERROR;
				CLANG_WARN_DOCUMENTATION_COMMENTS = YES;
				CLANG_WARN_EMPTY_BODY = YES;
				CLANG_WARN_ENUM_CONVERSION = YES;
				CLANG_WARN_INFINITE_RECURSION = YES;
				CLANG_WARN_INT_CONVERSION = YES;
				CLANG_WARN_NON_LITERAL_NULL_CONVERSION = YES;
				CLANG_WARN_OBJC_IMPLICIT_RETAIN_SELF = YES;
				CLANG_WARN_OBJC_LITERAL_CONVERSION = YES;
				CLANG_WARN_OBJC_ROOT_CLASS = YES_ERROR;
				CLANG_WARN_RANGE_LOOP_ANALYSIS = YES;
				CLANG_WARN_STRICT_PROTOTYPES = YES;
				CLANG_WARN_SUSPICIOUS_MOVE = YES;
				CLANG_WARN_UNGUARDED_AVAILABILITY = YES_AGGRESSIVE;
				CLANG_WARN_UNREACHABLE_CODE = YES;
				CLANG_WARN__DUPLICATE_METHOD_MATCH = YES;
				COPY_PHASE_STRIP = NO;
				DEBUG_INFORMATION_FORMAT = "dwarf-with-dsym";
				ENABLE_NS_ASSERTIONS = NO;
				ENABLE_STRICT_OBJC_MSGSEND = YES;
				GCC_C_LANGUAGE_STANDARD = gnu11;
				GCC_NO_COMMON_BLOCKS = YES;
				GCC_WARN_64_TO_32_BIT_CONVERSION = YES;
				GCC_WARN_ABOUT_RETURN_TYPE = YES_ERROR;
				GCC_WARN_UNDECLARED_SELECTOR = YES;
				GCC_WARN_UNINITIALIZED_AUTOS = YES_AGGRESSIVE;
				GCC_WARN_UNUSED_FUNCTION = YES;
				GCC_WARN_UNUSED_VARIABLE = YES;
				IPHONEOS_DEPLOYMENT_TARGET = 13.0;
				MTL_ENABLE_DEBUG_INFO = NO;
				MTL_FAST_MATH = YES;
				SDKROOT = iphoneos;
				SWIFT_COMPILATION_MODE = wholemodule;
				SWIFT_OPTIMIZATION_LEVEL = "-O";
				VALIDATE_PRODUCT = YES;
			};
			name = Release;
		};
		C45F581A22FEF721008762F1 /* Debug */ = {
			isa = XCBuildConfiguration;
			buildSettings = {
				ASSETCATALOG_COMPILER_APPICON_NAME = AppIcon;
				CODE_SIGN_ENTITLEMENTS = Sudoku16/Sudoku16.entitlements;
				"CODE_SIGN_IDENTITY[sdk=macosx*]" = "-";
				CODE_SIGN_STYLE = Automatic;
				DEVELOPMENT_ASSET_PATHS = "Sudoku16/Preview\\ Content";
				DEVELOPMENT_TEAM = 8A3KPNDM5C;
				ENABLE_PREVIEWS = YES;
				INFOPLIST_FILE = Sudoku16/Info.plist;
				LD_RUNPATH_SEARCH_PATHS = (
					"$(inherited)",
					"@executable_path/Frameworks",
				);
				MARKETING_VERSION = 0.8.7;
				PRODUCT_BUNDLE_IDENTIFIER = org.mesme.Sudoku16;
				PRODUCT_NAME = "$(TARGET_NAME)";
				SUPPORTS_MACCATALYST = NO;
				SWIFT_VERSION = 5.0;
				TARGETED_DEVICE_FAMILY = 2;
			};
			name = Debug;
		};
		C45F581B22FEF721008762F1 /* Release */ = {
			isa = XCBuildConfiguration;
			buildSettings = {
				ASSETCATALOG_COMPILER_APPICON_NAME = AppIcon;
				CODE_SIGN_ENTITLEMENTS = Sudoku16/Sudoku16.entitlements;
				"CODE_SIGN_IDENTITY[sdk=macosx*]" = "-";
				CODE_SIGN_STYLE = Automatic;
				DEVELOPMENT_ASSET_PATHS = "Sudoku16/Preview\\ Content";
				DEVELOPMENT_TEAM = 8A3KPNDM5C;
				ENABLE_PREVIEWS = YES;
				INFOPLIST_FILE = Sudoku16/Info.plist;
				LD_RUNPATH_SEARCH_PATHS = (
					"$(inherited)",
					"@executable_path/Frameworks",
				);
				MARKETING_VERSION = 0.8.7;
				PRODUCT_BUNDLE_IDENTIFIER = org.mesme.Sudoku16;
				PRODUCT_NAME = "$(TARGET_NAME)";
				SUPPORTS_MACCATALYST = NO;
				SWIFT_VERSION = 5.0;
				TARGETED_DEVICE_FAMILY = 2;
			};
			name = Release;
		};
		C45F581D22FEF721008762F1 /* Debug */ = {
			isa = XCBuildConfiguration;
			buildSettings = {
				ALWAYS_EMBED_SWIFT_STANDARD_LIBRARIES = YES;
				BUNDLE_LOADER = "$(TEST_HOST)";
				CODE_SIGN_STYLE = Automatic;
				INFOPLIST_FILE = Sudoku16Tests/Info.plist;
				LD_RUNPATH_SEARCH_PATHS = (
					"$(inherited)",
					"@executable_path/Frameworks",
					"@loader_path/Frameworks",
				);
				PRODUCT_BUNDLE_IDENTIFIER = org.mesme.Sudoku16Tests;
				PRODUCT_NAME = "$(TARGET_NAME)";
				SWIFT_VERSION = 5.0;
				TARGETED_DEVICE_FAMILY = "1,2";
				TEST_HOST = "$(BUILT_PRODUCTS_DIR)/Sudoku16.app/Sudoku16";
			};
			name = Debug;
		};
		C45F581E22FEF721008762F1 /* Release */ = {
			isa = XCBuildConfiguration;
			buildSettings = {
				ALWAYS_EMBED_SWIFT_STANDARD_LIBRARIES = YES;
				BUNDLE_LOADER = "$(TEST_HOST)";
				CODE_SIGN_STYLE = Automatic;
				INFOPLIST_FILE = Sudoku16Tests/Info.plist;
				LD_RUNPATH_SEARCH_PATHS = (
					"$(inherited)",
					"@executable_path/Frameworks",
					"@loader_path/Frameworks",
				);
				PRODUCT_BUNDLE_IDENTIFIER = org.mesme.Sudoku16Tests;
				PRODUCT_NAME = "$(TARGET_NAME)";
				SWIFT_VERSION = 5.0;
				TARGETED_DEVICE_FAMILY = "1,2";
				TEST_HOST = "$(BUILT_PRODUCTS_DIR)/Sudoku16.app/Sudoku16";
			};
			name = Release;
		};
/* End XCBuildConfiguration section */

/* Begin XCConfigurationList section */
		C45F57F522FEF71C008762F1 /* Build configuration list for PBXProject "Sudoku16" */ = {
			isa = XCConfigurationList;
			buildConfigurations = (
				C45F581722FEF721008762F1 /* Debug */,
				C45F581822FEF721008762F1 /* Release */,
			);
			defaultConfigurationIsVisible = 0;
			defaultConfigurationName = Release;
		};
		C45F581922FEF721008762F1 /* Build configuration list for PBXNativeTarget "Sudoku16" */ = {
			isa = XCConfigurationList;
			buildConfigurations = (
				C45F581A22FEF721008762F1 /* Debug */,
				C45F581B22FEF721008762F1 /* Release */,
			);
			defaultConfigurationIsVisible = 0;
			defaultConfigurationName = Release;
		};
		C45F581C22FEF721008762F1 /* Build configuration list for PBXNativeTarget "Sudoku16Tests" */ = {
			isa = XCConfigurationList;
			buildConfigurations = (
				C45F581D22FEF721008762F1 /* Debug */,
				C45F581E22FEF721008762F1 /* Release */,
			);
			defaultConfigurationIsVisible = 0;
			defaultConfigurationName = Release;
		};
/* End XCConfigurationList section */

/* Begin XCRemoteSwiftPackageReference section */
		C4F0420C234F1C6600652E8D /* XCRemoteSwiftPackageReference "UserDefaults" */ = {
			isa = XCRemoteSwiftPackageReference;
			repositoryURL = "https://github.com/msalmonse/UserDefaults.git";
			requirement = {
				kind = upToNextMajorVersion;
				minimumVersion = 1.0.0;
			};
		};
/* End XCRemoteSwiftPackageReference section */

/* Begin XCSwiftPackageProductDependency section */
		C4F0420D234F1C6600652E8D /* UserDefaults */ = {
			isa = XCSwiftPackageProductDependency;
			package = C4F0420C234F1C6600652E8D /* XCRemoteSwiftPackageReference "UserDefaults" */;
			productName = UserDefaults;
		};
/* End XCSwiftPackageProductDependency section */
	};
	rootObject = C45F57F222FEF71C008762F1 /* Project object */;
}
